
Microsoft Visual Studio Solution File, Format Version 12.00
# Visual Studio 2012
Project("{D954291E-2A0B-460D-934E-DC6B0785DB48}") = "TanitaTracker", "TanitaTracker\TanitaTracker.shproj", "{A4810C8F-9239-4E60-B998-05E1B48BB81B}"
EndProject
Project("{FAE04EC0-301F-11D3-BF4B-00C04F79EFBC}") = "TanitaTracker.iOS", "iOS\TanitaTracker.iOS.csproj", "{81CE9CF2-24D0-4C7D-A04D-B24866FC848E}"
EndProject
Project("{FAE04EC0-301F-11D3-BF4B-00C04F79EFBC}") = "TanitaTracker.Droid", "Droid\TanitaTracker.Droid.csproj", "{2543D5CE-B761-4D2F-9569-377B210317CC}"
EndProject
Global
	GlobalSection(SolutionConfigurationPlatforms) = preSolution
		Debug|iPhoneSimulator = Debug|iPhoneSimulator
		Release|iPhone = Release|iPhone
		Release|iPhoneSimulator = Release|iPhoneSimulator
		Debug|iPhone = Debug|iPhone
		Debug|Any CPU = Debug|Any CPU
		Release|Any CPU = Release|Any CPU
	EndGlobalSection
	GlobalSection(ProjectConfigurationPlatforms) = postSolution
		{81CE9CF2-24D0-4C7D-A04D-B24866FC848E}.Debug|iPhoneSimulator.ActiveCfg = Debug|iPhoneSimulator
		{81CE9CF2-24D0-4C7D-A04D-B24866FC848E}.Debug|iPhoneSimulator.Build.0 = Debug|iPhoneSimulator
		{81CE9CF2-24D0-4C7D-A04D-B24866FC848E}.Release|iPhone.ActiveCfg = Release|iPhone
		{81CE9CF2-24D0-4C7D-A04D-B24866FC848E}.Release|iPhone.Build.0 = Release|iPhone
		{81CE9CF2-24D0-4C7D-A04D-B24866FC848E}.Release|iPhoneSimulator.ActiveCfg = Release|iPhoneSimulator
		{81CE9CF2-24D0-4C7D-A04D-B24866FC848E}.Release|iPhoneSimulator.Build.0 = Release|iPhoneSimulator
		{81CE9CF2-24D0-4C7D-A04D-B24866FC848E}.Debug|iPhone.ActiveCfg = Debug|iPhone
		{81CE9CF2-24D0-4C7D-A04D-B24866FC848E}.Debug|iPhone.Build.0 = Debug|iPhone
		{81CE9CF2-24D0-4C7D-A04D-B24866FC848E}.Debug|Any CPU.ActiveCfg = Debug|iPhoneSimulator
		{81CE9CF2-24D0-4C7D-A04D-B24866FC848E}.Debug|Any CPU.Build.0 = Debug|iPhoneSimulator
		{81CE9CF2-24D0-4C7D-A04D-B24866FC848E}.Release|Any CPU.ActiveCfg = Release|iPhone
		{81CE9CF2-24D0-4C7D-A04D-B24866FC848E}.Release|Any CPU.Build.0 = Release|iPhone
		{2543D5CE-B761-4D2F-9569-377B210317CC}.Debug|iPhoneSimulator.ActiveCfg = Debug|Any CPU
		{2543D5CE-B761-4D2F-9569-377B210317CC}.Debug|iPhoneSimulator.Build.0 = Debug|Any CPU
		{2543D5CE-B761-4D2F-9569-377B210317CC}.Release|iPhone.ActiveCfg = Release|Any CPU
		{2543D5CE-B761-4D2F-9569-377B210317CC}.Release|iPhone.Build.0 = Release|Any CPU
		{2543D5CE-B761-4D2F-9569-377B210317CC}.Release|iPhoneSimulator.ActiveCfg = Release|Any CPU
		{2543D5CE-B761-4D2F-9569-377B210317CC}.Release|iPhoneSimulator.Build.0 = Release|Any CPU
		{2543D5CE-B761-4D2F-9569-377B210317CC}.Debug|iPhone.ActiveCfg = Debug|Any CPU
		{2543D5CE-B761-4D2F-9569-377B210317CC}.Debug|iPhone.Build.0 = Debug|Any CPU
		{2543D5CE-B761-4D2F-9569-377B210317CC}.Debug|Any CPU.ActiveCfg = Debug|Any CPU
		{2543D5CE-B761-4D2F-9569-377B210317CC}.Debug|Any CPU.Build.0 = Debug|Any CPU
		{2543D5CE-B761-4D2F-9569-377B210317CC}.Release|Any CPU.ActiveCfg = Release|Any CPU
		{2543D5CE-B761-4D2F-9569-377B210317CC}.Release|Any CPU.Build.0 = Release|Any CPU
	EndGlobalSection
EndGlobal
